
Microsoft Visual Studio Solution File, Format Version 12.00
# Visual Studio Version 16
VisualStudioVersion = 25.0.1704.3
MinimumVisualStudioVersion = 10.0.40219.1
Project("{FAE04EC0-301F-11D3-BF4B-00C04F79EFBC}") = "DocumentaionFormatConverter", "DocumentaionFormatConverter\DocumentaionFormatConverter.csproj", "{94288D6E-1743-495A-AE26-2776D8109FDC}"
EndProject
Global
	GlobalSection(SolutionConfigurationPlatforms) = preSolution
		Debug|Any CPU = Debug|Any CPU
		Release|Any CPU = Release|Any CPU
	EndGlobalSection
	GlobalSection(ProjectConfigurationPlatforms) = postSolution
		{94288D6E-1743-495A-AE26-2776D8109FDC}.Debug|Any CPU.ActiveCfg = Debug|Any CPU
		{94288D6E-1743-495A-AE26-2776D8109FDC}.Debug|Any CPU.Build.0 = Debug|Any CPU
		{94288D6E-1743-495A-AE26-2776D8109FDC}.Release|Any CPU.ActiveCfg = Release|Any CPU
		{94288D6E-1743-495A-AE26-2776D8109FDC}.Release|Any CPU.Build.0 = Release|Any CPU
	EndGlobalSection
	GlobalSection(SolutionProperties) = preSolution
		HideSolutionNode = FALSE
	EndGlobalSection
	GlobalSection(ExtensibilityGlobals) = postSolution
		SolutionGuid = {E3C174F8-168D-444D-8180-BFAEBE37D872}
	EndGlobalSection
EndGlobal
